# This file is generated by running "yarn install" inside your project.
# Manual changes might be lost - proceed with caution!

__metadata:
  version: 6
  cacheKey: 8

"@types/lodash@npm:^4.14.137":
  version: 4.14.137
  resolution: "@types/lodash@npm:4.14.137"
  checksum: 8cb7b12e5794f284e1ddbef19902b3f5de5e5669bb5f7fc3991faeabded74561ca3b1b406e50b924d5a165dce4eeb4c599ab2f8ffeda7bf6815adc6f97f391c6
  languageName: node
  linkType: hard

"@types/node@npm:^12.7.2":
  version: 12.7.2
  resolution: "@types/node@npm:12.7.2"
  checksum: 0906ad6dbd547dc3fc67ddf4f07e4eb415614d1235275f59185f27b46acaeb789b0b5b1407e3aa31afaf547876c5ddccd47d4f97c78b363721ea39795660cb5b
  languageName: node
  linkType: hard

"amdefine@npm:^1.0.1":
  version: 1.0.1
  resolution: "amdefine@npm:1.0.1"
  checksum: 9d4e15b94641643a9385b2841b4cb2bcf4e8e2f741ea4bd475c93ad7bab261ad4ed827a32e9c549b38b98759c4526c173ae4e6dde8caeb75ee5cebedc9863762
  languageName: node
  linkType: hard

"arg@npm:^4.1.0":
  version: 4.1.0
  resolution: "arg@npm:4.1.0"
  checksum: ea97513bf27aa5f2acf5dadf41501108fe786631fdd9d33f373174631800b57f85272dbf8190e937008a02b38d5c2f679514146f89a23123d8cb4ba30e8c066c
  languageName: node
  linkType: hard

"buffer-from@npm:^1.0.0":
  version: 1.1.1
  resolution: "buffer-from@npm:1.1.1"
  checksum: ccc53b69736008bff764497367c4d24879ba7122bc619ee499ff47eef3a5b885ca496e87272e7ebffa0bec3804c83f84041c616f6e3318f40624e27c1d80f045
  languageName: node
  linkType: hard

"diff@npm:^4.0.1":
  version: 4.0.1
  resolution: "diff@npm:4.0.1"
  checksum: d426381c0847ce1038771007622998ce31962e00d5d1a1f02d17e53b9af3bec9dfa24b967c9208e34f35bd13f9bd807392fbc399fe8898df96175dae09fa2afc
  languageName: node
  linkType: hard

"lodash@npm:^4.17.15":
  version: 4.17.15
  resolution: "lodash@npm:4.17.15"
  checksum: bb689bc88c0645b7002a045cdbe32292ae51d5d2a6f6a5272cb5a5ace9b06700bb3d30c6be6ecfae9a70f9c943f60e90765033fc7ff706cf9219374eeda314ad
  languageName: node
  linkType: hard

"make-error@npm:^1.1.1":
  version: 1.3.5
  resolution: "make-error@npm:1.3.5"
  checksum: bb9578cb5f36df27509b2a269fc5fda483130096e2989fff8788c2608ed01be780d1e85ba3653e27c0863a114c560410b410be89e19271cb5ff987c37a17c1fd
  languageName: node
  linkType: hard

"projecteuler@workspace:.":
  version: 0.0.0-use.local
  resolution: "projecteuler@workspace:."
  dependencies:
    "@types/lodash": ^4.14.137
    "@types/node": ^12.7.2
    amdefine: ^1.0.1
    lodash: ^4.17.15
    ts-node: ^8.3.0
    tsc: ^1.20150623.0
    typescript: ^3.5.3
  languageName: unknown
  linkType: soft

"source-map-support@npm:^0.5.6":
  version: 0.5.12
  resolution: "source-map-support@npm:0.5.12"
  dependencies:
    buffer-from: ^1.0.0
    source-map: ^0.6.0
  checksum: abf93e6201f54bd5713d6f6d5aa32b3752d750ce3c68044733295622ea0c346177505a615e87c073a1e0ad9b1d17b87a58f81152a31d6459658e4e9c17132db6
  languageName: node
  linkType: hard

"source-map@npm:^0.6.0":
  version: 0.6.1
  resolution: "source-map@npm:0.6.1"
  checksum: 59ce8640cf3f3124f64ac289012c2b8bd377c238e316fb323ea22fbfe83da07d81e000071d7242cad7a23cd91c7de98e4df8830ec3f133cb6133a5f6e9f67bc2
  languageName: node
  linkType: hard

"ts-node@npm:^8.3.0":
  version: 8.3.0
  resolution: "ts-node@npm:8.3.0"
  dependencies:
    arg: ^4.1.0
    diff: ^4.0.1
    make-error: ^1.1.1
    source-map-support: ^0.5.6
    yn: ^3.0.0
  peerDependencies:
    typescript: ">=2.0"
  bin:
    ts-node: dist/bin.js
  checksum: 87fc1abaa0767fa5d0885f19dc97002e4aeb58485e1bf739e7c7528b2cdbf6c0293b787fbc5b0e95eae8e4ea8131fe4436b534c25424dc311afdc4ebf09730da
  languageName: node
  linkType: hard

"tsc@npm:^1.20150623.0":
  version: 1.20150623.0
  resolution: "tsc@npm:1.20150623.0"
  bin:
    tsc: ./bin/tsc
    tsserver: ./bin/tsserver
  checksum: bea3f0a3a058b79ed59da882aeb949362551afaca058f59d362b1626844de8563d04c68175f61a9e9f01dd9439aa8e5563410e51ad250a7023e6f8d1b6604fa0
  languageName: node
  linkType: hard

"typescript@npm:^3.5.3":
  version: 3.5.3
  resolution: "typescript@npm:3.5.3"
  bin:
    tsc: ./bin/tsc
    tsserver: ./bin/tsserver
  checksum: 791e50b385843a18dcb31845d889d7ece94a3984b9ef3ba63213e63027ef382c204ed133c337e6cbd8480293406117a642abfa4551e362cd608c1370bf9d1873
  languageName: node
  linkType: hard

"typescript@patch:typescript@^3.5.3#~builtin<compat/typescript>":
  version: 3.5.3
  resolution: "typescript@patch:typescript@npm%3A3.5.3#~builtin<compat/typescript>::version=3.5.3&hash=7ad353"
  bin:
    tsc: ./bin/tsc
    tsserver: ./bin/tsserver
  checksum: 25f4c30cdea108afee2d9d920b9215ba83e286e2c79502d484ac5acec3d64f5fac62ca741791cf65543d7de1d1a67874133a84b409d29b5dcd47f1f5e4615e21
  languageName: node
  linkType: hard

"yn@npm:^3.0.0":
  version: 3.1.0
  resolution: "yn@npm:3.1.0"
  checksum: 73368b26e13746f2902762b4cd2be04d83dc87161df355f7623b4cd30fc8c7d72135b596d1c5d2c9b4db3cfbb571546ad371ee36acf3e55a1e95ee17f1a49d54
  languageName: node
  linkType: hard
